
Microsoft Visual Studio Solution File, Format Version 12.00
# Visual Studio Version 16
VisualStudioVersion = 16.0.30611.23
MinimumVisualStudioVersion = 10.0.40219.1
Project("{2150E333-8FDC-42A3-9474-1A3956D46DE8}") = "src", "src", "{9A4041F3-7274-4405-B3E9-F98910CE412C}"
EndProject
Project("{2150E333-8FDC-42A3-9474-1A3956D46DE8}") = "tests", "tests", "{43B89A5C-2A06-4E72-AE7F-DB54C6B28EDA}"
EndProject
Project("{9A19103F-16F7-4668-BE54-9A1E7A4F7556}") = "SiadMV.API", "src\SiadMV.API\SiadMV.API.csproj", "{3483534A-BA3D-42DE-ABFE-0382A1E26759}"
EndProject
Project("{9A19103F-16F7-4668-BE54-9A1E7A4F7556}") = "SiadMV.DataAccess", "src\SiadMV.DataAccess\SiadMV.DataAccess.csproj", "{B57CB717-B72B-41AC-9B24-C2885C4BEEAB}"
EndProject
Project("{9A19103F-16F7-4668-BE54-9A1E7A4F7556}") = "SiadMV.Manager", "src\SiadMV.Manager\SiadMV.Manager.csproj", "{C46F10DB-075C-4006-B618-5241E9A61094}"
EndProject
Global
	GlobalSection(SolutionConfigurationPlatforms) = preSolution
		Debug|Any CPU = Debug|Any CPU
		Release|Any CPU = Release|Any CPU
	EndGlobalSection
	GlobalSection(ProjectConfigurationPlatforms) = postSolution
		{3483534A-BA3D-42DE-ABFE-0382A1E26759}.Debug|Any CPU.ActiveCfg = Debug|Any CPU
		{3483534A-BA3D-42DE-ABFE-0382A1E26759}.Debug|Any CPU.Build.0 = Debug|Any CPU
		{3483534A-BA3D-42DE-ABFE-0382A1E26759}.Release|Any CPU.ActiveCfg = Release|Any CPU
		{3483534A-BA3D-42DE-ABFE-0382A1E26759}.Release|Any CPU.Build.0 = Release|Any CPU
		{B57CB717-B72B-41AC-9B24-C2885C4BEEAB}.Debug|Any CPU.ActiveCfg = Debug|Any CPU
		{B57CB717-B72B-41AC-9B24-C2885C4BEEAB}.Debug|Any CPU.Build.0 = Debug|Any CPU
		{B57CB717-B72B-41AC-9B24-C2885C4BEEAB}.Release|Any CPU.ActiveCfg = Release|Any CPU
		{B57CB717-B72B-41AC-9B24-C2885C4BEEAB}.Release|Any CPU.Build.0 = Release|Any CPU
		{C46F10DB-075C-4006-B618-5241E9A61094}.Debug|Any CPU.ActiveCfg = Debug|Any CPU
		{C46F10DB-075C-4006-B618-5241E9A61094}.Debug|Any CPU.Build.0 = Debug|Any CPU
		{C46F10DB-075C-4006-B618-5241E9A61094}.Release|Any CPU.ActiveCfg = Release|Any CPU
		{C46F10DB-075C-4006-B618-5241E9A61094}.Release|Any CPU.Build.0 = Release|Any CPU
	EndGlobalSection
	GlobalSection(SolutionProperties) = preSolution
		HideSolutionNode = FALSE
	EndGlobalSection
	GlobalSection(NestedProjects) = preSolution
		{3483534A-BA3D-42DE-ABFE-0382A1E26759} = {9A4041F3-7274-4405-B3E9-F98910CE412C}
		{B57CB717-B72B-41AC-9B24-C2885C4BEEAB} = {9A4041F3-7274-4405-B3E9-F98910CE412C}
		{C46F10DB-075C-4006-B618-5241E9A61094} = {9A4041F3-7274-4405-B3E9-F98910CE412C}
	EndGlobalSection
	GlobalSection(ExtensibilityGlobals) = postSolution
		SolutionGuid = {4374144F-4062-4B18-8351-E05EB5851B94}
	EndGlobalSection
EndGlobal
